
Microsoft Visual Studio Solution File, Format Version 12.00
# Visual Studio Version 17
VisualStudioVersion = 17.5.002.0
MinimumVisualStudioVersion = 10.0.40219.1
Project("{2150E333-8FDC-42A3-9474-1A3956D46DE8}") = "csharp-prep", "csharp-prep", "{482147F3-FADA-4A04-AD3B-D06FFC6937A3}"
EndProject
Project("{9A19103F-16F7-4668-BE54-9A1E7A4F7556}") = "Prep1", "csharp-prep\Prep1\Prep1.csproj", "{ECD7A151-E9E7-4534-ACA4-0B9E79DA2222}"
EndProject
Project("{9A19103F-16F7-4668-BE54-9A1E7A4F7556}") = "Prep2", "csharp-prep\Prep2\Prep2.csproj", "{871E6C05-A50C-43E9-B734-B393F6046B49}"
EndProject
Project("{9A19103F-16F7-4668-BE54-9A1E7A4F7556}") = "Prep3", "csharp-prep\Prep3\Prep3.csproj", "{431C2BF3-BFC2-4C41-910D-1F8B86EEB807}"
EndProject
Project("{9A19103F-16F7-4668-BE54-9A1E7A4F7556}") = "Prep4", "csharp-prep\Prep4\Prep4.csproj", "{BC7128A5-75F8-4C01-8478-84EC4ECFB60B}"
EndProject
Project("{9A19103F-16F7-4668-BE54-9A1E7A4F7556}") = "Prep5", "csharp-prep\Prep5\Prep5.csproj", "{99B6310E-C9D1-41E1-B9F0-51D14752DD67}"
EndProject
Project("{2150E333-8FDC-42A3-9474-1A3956D46DE8}") = "final", "final", "{C8EF2884-07BD-444A-B990-370E87CE6E71}"
EndProject
Project("{9A19103F-16F7-4668-BE54-9A1E7A4F7556}") = "FinalProject", "final\FinalProject\FinalProject.csproj", "{C82FD840-6E00-4176-9D8D-066850E38D42}"
EndProject
Project("{9A19103F-16F7-4668-BE54-9A1E7A4F7556}") = "Foundation1", "final\Foundation1\Foundation1.csproj", "{40140FB9-0374-4DE5-80DA-45EC47165B3F}"
EndProject
Project("{9A19103F-16F7-4668-BE54-9A1E7A4F7556}") = "Foundation2", "final\Foundation2\Foundation2.csproj", "{D2FBC998-1894-4DF8-A373-3E48DB6699DB}"
EndProject
Project("{9A19103F-16F7-4668-BE54-9A1E7A4F7556}") = "Foundation3", "final\Foundation3\Foundation3.csproj", "{7D76BF76-D1C2-4963-BEB8-D4B380E293F2}"
EndProject
Project("{9A19103F-16F7-4668-BE54-9A1E7A4F7556}") = "Foundation4", "final\Foundation4\Foundation4.csproj", "{08CE2D10-1286-4E95-88CF-3BB78CF71CA4}"
EndProject
Project("{2150E333-8FDC-42A3-9474-1A3956D46DE8}") = "prepare", "prepare", "{DDAA1E9B-E46F-4302-B3A3-EDDA34F6742B}"
EndProject
Project("{9A19103F-16F7-4668-BE54-9A1E7A4F7556}") = "Learning02", "prepare\Learning02\Learning02.csproj", "{486E6DED-7BBC-4A2D-B1D1-94123752AC44}"
EndProject
Project("{9A19103F-16F7-4668-BE54-9A1E7A4F7556}") = "Learning03", "prepare\Learning03\Learning03.csproj", "{C4C23E73-E2B4-4F3F-800C-B0D69A5FBB5F}"
EndProject
Project("{9A19103F-16F7-4668-BE54-9A1E7A4F7556}") = "Learning04", "prepare\Learning04\Learning04.csproj", "{5FDE9A12-C010-4EDB-9FC9-6271AE0107EA}"
EndProject
Project("{9A19103F-16F7-4668-BE54-9A1E7A4F7556}") = "Learning05", "prepare\Learning05\Learning05.csproj", "{CB6A8399-084B-4DC2-B852-BD54CBE1B14F}"
EndProject
Project("{2150E333-8FDC-42A3-9474-1A3956D46DE8}") = "prove", "prove", "{4E0456C7-C7C1-4617-9864-8F5B513AE3E4}"
EndProject
Project("{9A19103F-16F7-4668-BE54-9A1E7A4F7556}") = "Develop02", "prove\Develop02\Develop02.csproj", "{AC0EF3D8-107E-43EB-976E-0A9683C0F2E9}"
EndProject
Project("{9A19103F-16F7-4668-BE54-9A1E7A4F7556}") = "Develop03", "prove\Develop03\Develop03.csproj", "{C952BFC1-C4FC-41B0-9CB4-661AB17FBCB9}"
EndProject
Project("{9A19103F-16F7-4668-BE54-9A1E7A4F7556}") = "Develop04", "prove\Develop04\Develop04.csproj", "{4464944D-8176-4843-9A6C-55976750F3AD}"
EndProject
Project("{9A19103F-16F7-4668-BE54-9A1E7A4F7556}") = "Develop05", "prove\Develop05\Develop05.csproj", "{096CA9E8-B4DE-4A46-953E-AA186D35473F}"
EndProject
Project("{2150E333-8FDC-42A3-9474-1A3956D46DE8}") = "sandbox", "sandbox", "{0B455798-DD16-4516-AAAF-B9E5E6D8C34D}"
EndProject
Project("{9A19103F-16F7-4668-BE54-9A1E7A4F7556}") = "Sandbox", "sandbox\Sandbox\Sandbox.csproj", "{6C6EAA0E-15D9-47D8-A7ED-DE6FFD7A4A7B}"
EndProject
Global
	GlobalSection(SolutionConfigurationPlatforms) = preSolution
		Debug|Any CPU = Debug|Any CPU
		Release|Any CPU = Release|Any CPU
	EndGlobalSection
	GlobalSection(ProjectConfigurationPlatforms) = postSolution
		{ECD7A151-E9E7-4534-ACA4-0B9E79DA2222}.Debug|Any CPU.ActiveCfg = Debug|Any CPU
		{ECD7A151-E9E7-4534-ACA4-0B9E79DA2222}.Debug|Any CPU.Build.0 = Debug|Any CPU
		{ECD7A151-E9E7-4534-ACA4-0B9E79DA2222}.Release|Any CPU.ActiveCfg = Release|Any CPU
		{ECD7A151-E9E7-4534-ACA4-0B9E79DA2222}.Release|Any CPU.Build.0 = Release|Any CPU
		{871E6C05-A50C-43E9-B734-B393F6046B49}.Debug|Any CPU.ActiveCfg = Debug|Any CPU
		{871E6C05-A50C-43E9-B734-B393F6046B49}.Debug|Any CPU.Build.0 = Debug|Any CPU
		{871E6C05-A50C-43E9-B734-B393F6046B49}.Release|Any CPU.ActiveCfg = Release|Any CPU
		{871E6C05-A50C-43E9-B734-B393F6046B49}.Release|Any CPU.Build.0 = Release|Any CPU
		{431C2BF3-BFC2-4C41-910D-1F8B86EEB807}.Debug|Any CPU.ActiveCfg = Debug|Any CPU
		{431C2BF3-BFC2-4C41-910D-1F8B86EEB807}.Debug|Any CPU.Build.0 = Debug|Any CPU
		{431C2BF3-BFC2-4C41-910D-1F8B86EEB807}.Release|Any CPU.ActiveCfg = Release|Any CPU
		{431C2BF3-BFC2-4C41-910D-1F8B86EEB807}.Release|Any CPU.Build.0 = Release|Any CPU
		{BC7128A5-75F8-4C01-8478-84EC4ECFB60B}.Debug|Any CPU.ActiveCfg = Debug|Any CPU
		{BC7128A5-75F8-4C01-8478-84EC4ECFB60B}.Debug|Any CPU.Build.0 = Debug|Any CPU
		{BC7128A5-75F8-4C01-8478-84EC4ECFB60B}.Release|Any CPU.ActiveCfg = Release|Any CPU
		{BC7128A5-75F8-4C01-8478-84EC4ECFB60B}.Release|Any CPU.Build.0 = Release|Any CPU
		{99B6310E-C9D1-41E1-B9F0-51D14752DD67}.Debug|Any CPU.ActiveCfg = Debug|Any CPU
		{99B6310E-C9D1-41E1-B9F0-51D14752DD67}.Debug|Any CPU.Build.0 = Debug|Any CPU
		{99B6310E-C9D1-41E1-B9F0-51D14752DD67}.Release|Any CPU.ActiveCfg = Release|Any CPU
		{99B6310E-C9D1-41E1-B9F0-51D14752DD67}.Release|Any CPU.Build.0 = Release|Any CPU
		{C82FD840-6E00-4176-9D8D-066850E38D42}.Debug|Any CPU.ActiveCfg = Debug|Any CPU
		{C82FD840-6E00-4176-9D8D-066850E38D42}.Debug|Any CPU.Build.0 = Debug|Any CPU
		{C82FD840-6E00-4176-9D8D-066850E38D42}.Release|Any CPU.ActiveCfg = Release|Any CPU
		{C82FD840-6E00-4176-9D8D-066850E38D42}.Release|Any CPU.Build.0 = Release|Any CPU
		{40140FB9-0374-4DE5-80DA-45EC47165B3F}.Debug|Any CPU.ActiveCfg = Debug|Any CPU
		{40140FB9-0374-4DE5-80DA-45EC47165B3F}.Debug|Any CPU.Build.0 = Debug|Any CPU
		{40140FB9-0374-4DE5-80DA-45EC47165B3F}.Release|Any CPU.ActiveCfg = Release|Any CPU
		{40140FB9-0374-4DE5-80DA-45EC47165B3F}.Release|Any CPU.Build.0 = Release|Any CPU
		{D2FBC998-1894-4DF8-A373-3E48DB6699DB}.Debug|Any CPU.ActiveCfg = Debug|Any CPU
		{D2FBC998-1894-4DF8-A373-3E48DB6699DB}.Debug|Any CPU.Build.0 = Debug|Any CPU
		{D2FBC998-1894-4DF8-A373-3E48DB6699DB}.Release|Any CPU.ActiveCfg = Release|Any CPU
		{D2FBC998-1894-4DF8-A373-3E48DB6699DB}.Release|Any CPU.Build.0 = Release|Any CPU
		{7D76BF76-D1C2-4963-BEB8-D4B380E293F2}.Debug|Any CPU.ActiveCfg = Debug|Any CPU
		{7D76BF76-D1C2-4963-BEB8-D4B380E293F2}.Debug|Any CPU.Build.0 = Debug|Any CPU
		{7D76BF76-D1C2-4963-BEB8-D4B380E293F2}.Release|Any CPU.ActiveCfg = Release|Any CPU
		{7D76BF76-D1C2-4963-BEB8-D4B380E293F2}.Release|Any CPU.Build.0 = Release|Any CPU
		{08CE2D10-1286-4E95-88CF-3BB78CF71CA4}.Debug|Any CPU.ActiveCfg = Debug|Any CPU
		{08CE2D10-1286-4E95-88CF-3BB78CF71CA4}.Debug|Any CPU.Build.0 = Debug|Any CPU
		{08CE2D10-1286-4E95-88CF-3BB78CF71CA4}.Release|Any CPU.ActiveCfg = Release|Any CPU
		{08CE2D10-1286-4E95-88CF-3BB78CF71CA4}.Release|Any CPU.Build.0 = Release|Any CPU
		{486E6DED-7BBC-4A2D-B1D1-94123752AC44}.Debug|Any CPU.ActiveCfg = Debug|Any CPU
		{486E6DED-7BBC-4A2D-B1D1-94123752AC44}.Debug|Any CPU.Build.0 = Debug|Any CPU
		{486E6DED-7BBC-4A2D-B1D1-94123752AC44}.Release|Any CPU.ActiveCfg = Release|Any CPU
		{486E6DED-7BBC-4A2D-B1D1-94123752AC44}.Release|Any CPU.Build.0 = Release|Any CPU
		{C4C23E73-E2B4-4F3F-800C-B0D69A5FBB5F}.Debug|Any CPU.ActiveCfg = Debug|Any CPU
		{C4C23E73-E2B4-4F3F-800C-B0D69A5FBB5F}.Debug|Any CPU.Build.0 = Debug|Any CPU
		{C4C23E73-E2B4-4F3F-800C-B0D69A5FBB5F}.Release|Any CPU.ActiveCfg = Release|Any CPU
		{C4C23E73-E2B4-4F3F-800C-B0D69A5FBB5F}.Release|Any CPU.Build.0 = Release|Any CPU
		{5FDE9A12-C010-4EDB-9FC9-6271AE0107EA}.Debug|Any CPU.ActiveCfg = Debug|Any CPU
		{5FDE9A12-C010-4EDB-9FC9-6271AE0107EA}.Debug|Any CPU.Build.0 = Debug|Any CPU
		{5FDE9A12-C010-4EDB-9FC9-6271AE0107EA}.Release|Any CPU.ActiveCfg = Release|Any CPU
		{5FDE9A12-C010-4EDB-9FC9-6271AE0107EA}.Release|Any CPU.Build.0 = Release|Any CPU
		{CB6A8399-084B-4DC2-B852-BD54CBE1B14F}.Debug|Any CPU.ActiveCfg = Debug|Any CPU
		{CB6A8399-084B-4DC2-B852-BD54CBE1B14F}.Debug|Any CPU.Build.0 = Debug|Any CPU
		{CB6A8399-084B-4DC2-B852-BD54CBE1B14F}.Release|Any CPU.ActiveCfg = Release|Any CPU
		{CB6A8399-084B-4DC2-B852-BD54CBE1B14F}.Release|Any CPU.Build.0 = Release|Any CPU
		{AC0EF3D8-107E-43EB-976E-0A9683C0F2E9}.Debug|Any CPU.ActiveCfg = Debug|Any CPU
		{AC0EF3D8-107E-43EB-976E-0A9683C0F2E9}.Debug|Any CPU.Build.0 = Debug|Any CPU
		{AC0EF3D8-107E-43EB-976E-0A9683C0F2E9}.Release|Any CPU.ActiveCfg = Release|Any CPU
		{AC0EF3D8-107E-43EB-976E-0A9683C0F2E9}.Release|Any CPU.Build.0 = Release|Any CPU
		{C952BFC1-C4FC-41B0-9CB4-661AB17FBCB9}.Debug|Any CPU.ActiveCfg = Debug|Any CPU
		{C952BFC1-C4FC-41B0-9CB4-661AB17FBCB9}.Debug|Any CPU.Build.0 = Debug|Any CPU
		{C952BFC1-C4FC-41B0-9CB4-661AB17FBCB9}.Release|Any CPU.ActiveCfg = Release|Any CPU
		{C952BFC1-C4FC-41B0-9CB4-661AB17FBCB9}.Release|Any CPU.Build.0 = Release|Any CPU
		{4464944D-8176-4843-9A6C-55976750F3AD}.Debug|Any CPU.ActiveCfg = Debug|Any CPU
		{4464944D-8176-4843-9A6C-55976750F3AD}.Debug|Any CPU.Build.0 = Debug|Any CPU
		{4464944D-8176-4843-9A6C-55976750F3AD}.Release|Any CPU.ActiveCfg = Release|Any CPU
		{4464944D-8176-4843-9A6C-55976750F3AD}.Release|Any CPU.Build.0 = Release|Any CPU
		{096CA9E8-B4DE-4A46-953E-AA186D35473F}.Debug|Any CPU.ActiveCfg = Debug|Any CPU
		{096CA9E8-B4DE-4A46-953E-AA186D35473F}.Debug|Any CPU.Build.0 = Debug|Any CPU
		{096CA9E8-B4DE-4A46-953E-AA186D35473F}.Release|Any CPU.ActiveCfg = Release|Any CPU
		{096CA9E8-B4DE-4A46-953E-AA186D35473F}.Release|Any CPU.Build.0 = Release|Any CPU
		{6C6EAA0E-15D9-47D8-A7ED-DE6FFD7A4A7B}.Debug|Any CPU.ActiveCfg = Debug|Any CPU
		{6C6EAA0E-15D9-47D8-A7ED-DE6FFD7A4A7B}.Debug|Any CPU.Build.0 = Debug|Any CPU
		{6C6EAA0E-15D9-47D8-A7ED-DE6FFD7A4A7B}.Release|Any CPU.ActiveCfg = Release|Any CPU
		{6C6EAA0E-15D9-47D8-A7ED-DE6FFD7A4A7B}.Release|Any CPU.Build.0 = Release|Any CPU
	EndGlobalSection
	GlobalSection(SolutionProperties) = preSolution
		HideSolutionNode = FALSE
	EndGlobalSection
	GlobalSection(NestedProjects) = preSolution
		{ECD7A151-E9E7-4534-ACA4-0B9E79DA2222} = {482147F3-FADA-4A04-AD3B-D06FFC6937A3}
		{871E6C05-A50C-43E9-B734-B393F6046B49} = {482147F3-FADA-4A04-AD3B-D06FFC6937A3}
		{431C2BF3-BFC2-4C41-910D-1F8B86EEB807} = {482147F3-FADA-4A04-AD3B-D06FFC6937A3}
		{BC7128A5-75F8-4C01-8478-84EC4ECFB60B} = {482147F3-FADA-4A04-AD3B-D06FFC6937A3}
		{99B6310E-C9D1-41E1-B9F0-51D14752DD67} = {482147F3-FADA-4A04-AD3B-D06FFC6937A3}
		{C82FD840-6E00-4176-9D8D-066850E38D42} = {C8EF2884-07BD-444A-B990-370E87CE6E71}
		{40140FB9-0374-4DE5-80DA-45EC47165B3F} = {C8EF2884-07BD-444A-B990-370E87CE6E71}
		{D2FBC998-1894-4DF8-A373-3E48DB6699DB} = {C8EF2884-07BD-444A-B990-370E87CE6E71}
		{7D76BF76-D1C2-4963-BEB8-D4B380E293F2} = {C8EF2884-07BD-444A-B990-370E87CE6E71}
		{08CE2D10-1286-4E95-88CF-3BB78CF71CA4} = {C8EF2884-07BD-444A-B990-370E87CE6E71}
		{486E6DED-7BBC-4A2D-B1D1-94123752AC44} = {DDAA1E9B-E46F-4302-B3A3-EDDA34F6742B}
		{C4C23E73-E2B4-4F3F-800C-B0D69A5FBB5F} = {DDAA1E9B-E46F-4302-B3A3-EDDA34F6742B}
		{5FDE9A12-C010-4EDB-9FC9-6271AE0107EA} = {DDAA1E9B-E46F-4302-B3A3-EDDA34F6742B}
		{CB6A8399-084B-4DC2-B852-BD54CBE1B14F} = {DDAA1E9B-E46F-4302-B3A3-EDDA34F6742B}
		{AC0EF3D8-107E-43EB-976E-0A9683C0F2E9} = {4E0456C7-C7C1-4617-9864-8F5B513AE3E4}
		{C952BFC1-C4FC-41B0-9CB4-661AB17FBCB9} = {4E0456C7-C7C1-4617-9864-8F5B513AE3E4}
		{4464944D-8176-4843-9A6C-55976750F3AD} = {4E0456C7-C7C1-4617-9864-8F5B513AE3E4}
		{096CA9E8-B4DE-4A46-953E-AA186D35473F} = {4E0456C7-C7C1-4617-9864-8F5B513AE3E4}
		{6C6EAA0E-15D9-47D8-A7ED-DE6FFD7A4A7B} = {0B455798-DD16-4516-AAAF-B9E5E6D8C34D}
	EndGlobalSection
	GlobalSection(ExtensibilityGlobals) = postSolution
		SolutionGuid = {0E86D4C1-90C8-463C-B3CA-4C1CECAFF98D}
	EndGlobalSection
EndGlobal
